
Microsoft Visual Studio Solution File, Format Version 12.00
# Visual Studio 15
VisualStudioVersion = 15.0.26430.15
MinimumVisualStudioVersion = 10.0.40219.1
Project("{FAE04EC0-301F-11D3-BF4B-00C04F79EFBC}") = "sevenA", "sevenA\sevenA.csproj", "{69B0F37D-D6FE-468B-A0B6-4A02BE1B3221}"
EndProject
Project("{FAE04EC0-301F-11D3-BF4B-00C04F79EFBC}") = "sevenA.Controls", "sevenA.Controls\sevenA.Controls.csproj", "{83AFA424-C6FD-4CB6-B1C3-FD1DCB3EEFB3}"
EndProject
Project("{FAE04EC0-301F-11D3-BF4B-00C04F79EFBC}") = "sevenA.Resources", "sevenA.Resources\sevenA.Resources.csproj", "{DA75F35E-AD2F-4C21-9C66-4D207A1F9950}"
EndProject
Project("{2150E333-8FDC-42A3-9474-1A3956D46DE8}") = "Modules", "Modules", "{B558FE4C-57EC-487F-B9EC-5A03576E849E}"
EndProject
Project("{FAE04EC0-301F-11D3-BF4B-00C04F79EFBC}") = "sevenA.Core", "sevenA.Core\sevenA.Core.csproj", "{C3E20753-3B41-4779-A22F-6544FC7BDD57}"
EndProject
Project("{FAE04EC0-301F-11D3-BF4B-00C04F79EFBC}") = "sevenA.Module.Analysis", "Modules\sevenA.Module.Analysis\sevenA.Module.Analysis.csproj", "{33CD9F28-039D-4145-AFFB-96180FCAF89A}"
EndProject
Global
	GlobalSection(SolutionConfigurationPlatforms) = preSolution
		Debug|Any CPU = Debug|Any CPU
		Release|Any CPU = Release|Any CPU
	EndGlobalSection
	GlobalSection(ProjectConfigurationPlatforms) = postSolution
		{69B0F37D-D6FE-468B-A0B6-4A02BE1B3221}.Debug|Any CPU.ActiveCfg = Debug|Any CPU
		{69B0F37D-D6FE-468B-A0B6-4A02BE1B3221}.Debug|Any CPU.Build.0 = Debug|Any CPU
		{69B0F37D-D6FE-468B-A0B6-4A02BE1B3221}.Release|Any CPU.ActiveCfg = Release|Any CPU
		{69B0F37D-D6FE-468B-A0B6-4A02BE1B3221}.Release|Any CPU.Build.0 = Release|Any CPU
		{83AFA424-C6FD-4CB6-B1C3-FD1DCB3EEFB3}.Debug|Any CPU.ActiveCfg = Debug|Any CPU
		{83AFA424-C6FD-4CB6-B1C3-FD1DCB3EEFB3}.Debug|Any CPU.Build.0 = Debug|Any CPU
		{83AFA424-C6FD-4CB6-B1C3-FD1DCB3EEFB3}.Release|Any CPU.ActiveCfg = Release|Any CPU
		{83AFA424-C6FD-4CB6-B1C3-FD1DCB3EEFB3}.Release|Any CPU.Build.0 = Release|Any CPU
		{DA75F35E-AD2F-4C21-9C66-4D207A1F9950}.Debug|Any CPU.ActiveCfg = Debug|Any CPU
		{DA75F35E-AD2F-4C21-9C66-4D207A1F9950}.Debug|Any CPU.Build.0 = Debug|Any CPU
		{DA75F35E-AD2F-4C21-9C66-4D207A1F9950}.Release|Any CPU.ActiveCfg = Release|Any CPU
		{DA75F35E-AD2F-4C21-9C66-4D207A1F9950}.Release|Any CPU.Build.0 = Release|Any CPU
		{C3E20753-3B41-4779-A22F-6544FC7BDD57}.Debug|Any CPU.ActiveCfg = Debug|Any CPU
		{C3E20753-3B41-4779-A22F-6544FC7BDD57}.Debug|Any CPU.Build.0 = Debug|Any CPU
		{C3E20753-3B41-4779-A22F-6544FC7BDD57}.Release|Any CPU.ActiveCfg = Release|Any CPU
		{C3E20753-3B41-4779-A22F-6544FC7BDD57}.Release|Any CPU.Build.0 = Release|Any CPU
		{33CD9F28-039D-4145-AFFB-96180FCAF89A}.Debug|Any CPU.ActiveCfg = Debug|Any CPU
		{33CD9F28-039D-4145-AFFB-96180FCAF89A}.Debug|Any CPU.Build.0 = Debug|Any CPU
		{33CD9F28-039D-4145-AFFB-96180FCAF89A}.Release|Any CPU.ActiveCfg = Release|Any CPU
		{33CD9F28-039D-4145-AFFB-96180FCAF89A}.Release|Any CPU.Build.0 = Release|Any CPU
	EndGlobalSection
	GlobalSection(SolutionProperties) = preSolution
		HideSolutionNode = FALSE
	EndGlobalSection
	GlobalSection(NestedProjects) = preSolution
		{33CD9F28-039D-4145-AFFB-96180FCAF89A} = {B558FE4C-57EC-487F-B9EC-5A03576E849E}
	EndGlobalSection
EndGlobal
